PODS:
  - Alamofire (4.9.1)
  - Alamofire-SwiftyJSON (3.0.0):
    - Alamofire (~> 4.5)
    - SwiftyJSON (~> 4.0.0)
  - AppFolder (0.2.0)
  - AudioKit (4.10.1):
    - AudioKit/Core (= 4.10.1)
    - AudioKit/UI (= 4.10.1)
  - AudioKit/Core (4.10.1)
  - AudioKit/UI (4.10.1):
    - AudioKit/Core
  - BMExtendablePageController (0.2.0):
    - CAAnimationBlocks (~> 0.0.1)
  - Bugsnag (6.0.0)
  - CAAnimationBlocks (0.0.1)
  - CocoaAsyncSocket (7.6.4)
  - CocoaLumberjack (3.6.1):
    - CocoaLumberjack/Core (= 3.6.1)
  - CocoaLumberjack/Core (3.6.1)
  - CocoaLumberjack/Swift (3.6.1):
    - CocoaLumberjack/Core
  - MultiPeer (0.1.2)
  - PaperTrailLumberjack/Core (0.2.0):
    - CocoaAsyncSocket (~> 7.6)
    - CocoaLumberjack (~> 3.4)
  - PaperTrailLumberjack/Swift (0.2.0):
    - CocoaLumberjack/Swift (~> 3.4)
    - PaperTrailLumberjack/Core
  - STPrivilegedTask (1.0.1)
  - SwiftyJSON (4.0.0)
  - XLFacility (1.5.18):
    - XLFacility/Core (= 1.5.18)
    - XLFacility/GCDNetworking (= 1.5.18)
    - XLFacility/GCDTelnetServer (= 1.5.18)
    - XLFacility/Networking (= 1.5.18)
    - XLFacility/UserInterface (= 1.5.18)
  - XLFacility/Core (1.5.18)
  - XLFacility/GCDNetworking (1.5.18)
  - XLFacility/GCDTelnetServer (1.5.18):
    - XLFacility/GCDNetworking
  - XLFacility/Networking (1.5.18):
    - XLFacility/Core
    - XLFacility/GCDTelnetServer
  - XLFacility/UserInterface (1.5.18):
    - XLFacility/Core
  - XMLParsing (0.0.3)

DEPENDENCIES:
  - Alamofire
  - Alamofire-SwiftyJSON
  - AppFolder (~> 0.2.0)
  - AudioKit
  - BMExtendablePageController (from `https://github.com/Foboz/BMExtPageController`)
  - Bugsnag
  - CocoaAsyncSocket
  - CocoaLumberjack/Swift
  - MultiPeer (from `https://github.com/128keaton/MultiPeer.git`, tag `0.1.2`)
  - PaperTrailLumberjack/Swift (from `https://github.com/128keaton/PaperTrailLumberjack`)
  - STPrivilegedTask
  - XLFacility (~> 1.0)
  - XMLParsing (from `https://github.com/128keaton/XMLParsing.git`)

SPEC REPOS:
  trunk:
    - Alamofire
    - Alamofire-SwiftyJSON
    - AppFolder
    - AudioKit
    - Bugsnag
    - CAAnimationBlocks
    - CocoaAsyncSocket
    - CocoaLumberjack
    - STPrivilegedTask
    - SwiftyJSON
    - XLFacility

EXTERNAL SOURCES:
  BMExtendablePageController:
    :git: https://github.com/Foboz/BMExtPageController
  MultiPeer:
    :git: https://github.com/128keaton/MultiPeer.git
    :tag: 0.1.2
  PaperTrailLumberjack:
    :git: https://github.com/128keaton/PaperTrailLumberjack
  XMLParsing:
    :git: https://github.com/128keaton/XMLParsing.git

CHECKOUT OPTIONS:
  BMExtendablePageController:
    :commit: c280f73244a92a451f3ea4bcd644180ea3609aab
    :git: https://github.com/Foboz/BMExtPageController
  MultiPeer:
    :git: https://github.com/128keaton/MultiPeer.git
    :tag: 0.1.2
  PaperTrailLumberjack:
    :commit: d469aa89e0023dcacc549a605f58669053ac7d5a
    :git: https://github.com/128keaton/PaperTrailLumberjack
  XMLParsing:
    :commit: f173abf8f782bd7072b0b423aa154358ef6a7ae7
    :git: https://github.com/128keaton/XMLParsing.git

SPEC CHECKSUMS:
  Alamofire: 85e8a02c69d6020a0d734f6054870d7ecb75cf18
  Alamofire-SwiftyJSON: 2b3649d57dc7bb2880fb8b86f8bb969397666916
  AppFolder: d10ba19488bd441d60ffcf96eb2ab639a4825231
  AudioKit: b8e508a0af3dc7d53caf0ca1002b187a662f949e
  BMExtendablePageController: 0c144c22853ad09cd321c9b2330af2cac3fbb0c6
  Bugsnag: 20b77e457bf615b43a7acbe8c49eba154e0e6ed7
  CAAnimationBlocks: 1aaca5fb6447a95d83b20cc786992956ef46e4ee
  CocoaAsyncSocket: 694058e7c0ed05a9e217d1b3c7ded962f4180845
  CocoaLumberjack: b17ae15142558d08bbacf69775fa10c4abbebcc9
  MultiPeer: f28c91b749ad595e02283a2822334ff8f6fb5059
  PaperTrailLumberjack: 7a89283286f82da814a3b5748630b6002ae160a3
  STPrivilegedTask: 103f97827454e786074640cf89d303be344498c7
  SwiftyJSON: 070dabdcb1beb81b247c65ffa3a79dbbfb3b48aa
  XLFacility: f24747c4f586372bddae3525d837ef42b0e26339
  XMLParsing: 5b2e061ac61c95eb246f169f89ffb049f8bff668

PODFILE CHECKSUM: 6fb433997d04477b7ec1cc0bc6a761deec910e51

COCOAPODS: 1.9.1
