// !$*UTF8*$!
{
	archiveVersion = 1;
	classes = {
	};
	objectVersion = 48;
	objects = {

/* Begin PBXBuildFile section */
		4B87EE4A123D4EE1F26E61A2 /* Pods_macOS_Utilities.framework in Frameworks */ = {isa = PBXBuildFile; fileRef = 02F50B1561E3062ADD7CE4B7 /* Pods_macOS_Utilities.framework */; };
		8A0138D1221749BD00C77DA0 /* Version.swift in Sources */ = {isa = PBXBuildFile; fileRef = 8A0138D0221749BD00C77DA0 /* Version.swift */; };
		8A0138D62217624700C77DA0 /* InfoPopoverViewController.swift in Sources */ = {isa = PBXBuildFile; fileRef = 8A0138D52217624700C77DA0 /* InfoPopoverViewController.swift */; };
		8A175AAC225EFEE50018C977 /* ErrorAlertLogger.swift in Sources */ = {isa = PBXBuildFile; fileRef = 8A175AAB225EFEE50018C977 /* ErrorAlertLogger.swift */; };
		8A175AAE225F2BE70018C977 /* PreferencesApplicationsViewController.swift in Sources */ = {isa = PBXBuildFile; fileRef = 8A175AAD225F2BE70018C977 /* PreferencesApplicationsViewController.swift */; };
		8A2B05F32266888A0089F3A3 /* MenuHandler.swift in Sources */ = {isa = PBXBuildFile; fileRef = 8A2B05F22266888A0089F3A3 /* MenuHandler.swift */; };
		8A3243C322A193E70042E6D9 /* NSTextField+Autosizing.swift in Sources */ = {isa = PBXBuildFile; fileRef = 8A3243C222A193E70042E6D9 /* NSTextField+Autosizing.swift */; };
		8A3243C522A1AA270042E6D9 /* KBBarcodePreviewItem.swift in Sources */ = {isa = PBXBuildFile; fileRef = 8A3243C422A1AA270042E6D9 /* KBBarcodePreviewItem.swift */; };
		8A3243C722A1B2510042E6D9 /* BarcodeGenerator.swift in Sources */ = {isa = PBXBuildFile; fileRef = 8A3243C622A1B2510042E6D9 /* BarcodeGenerator.swift */; };
		8A39D3602119E81B00437F4E /* com.er2.applications.plist in Resources */ = {isa = PBXBuildFile; fileRef = 8A39D35F2119E81B00437F4E /* com.er2.applications.plist */; };
		8A47DED9210A2D30003F5CC3 /* NSCollectionAppCell.swift in Sources */ = {isa = PBXBuildFile; fileRef = 8A47DED8210A2D30003F5CC3 /* NSCollectionAppCell.swift */; };
		8A47DEDB210A3418003F5CC3 /* NSCollectionAppCell.xib in Resources */ = {isa = PBXBuildFile; fileRef = 8A47DEDA210A3418003F5CC3 /* NSCollectionAppCell.xib */; };
		8A57BF402262A0C200719E74 /* LegacyPreferences.swift in Sources */ = {isa = PBXBuildFile; fileRef = 8A57BF3F2262A0C200719E74 /* LegacyPreferences.swift */; };
		8A57BF432262A1AF00719E74 /* LoggerManager.swift in Sources */ = {isa = PBXBuildFile; fileRef = 8A57BF422262A1AF00719E74 /* LoggerManager.swift */; };
		8A584771226AAF67008E9DE8 /* Foundation-Extensions.swift in Sources */ = {isa = PBXBuildFile; fileRef = 8A584770226AAF67008E9DE8 /* Foundation-Extensions.swift */; };
		8A584773226AB351008E9DE8 /* KBTableView.swift in Sources */ = {isa = PBXBuildFile; fileRef = 8A584772226AB351008E9DE8 /* KBTableView.swift */; };
		8A584776226ABDA5008E9DE8 /* CocoaLumberjack-Extensions.swift in Sources */ = {isa = PBXBuildFile; fileRef = 8A584775226ABDA5008E9DE8 /* CocoaLumberjack-Extensions.swift */; };
		8A584778226AC446008E9DE8 /* Utility.swift in Sources */ = {isa = PBXBuildFile; fileRef = 8A584777226AC446008E9DE8 /* Utility.swift */; };
		8A662216226AA42B0072B3A4 /* AppKit-Extensions.swift in Sources */ = {isa = PBXBuildFile; fileRef = 8A662215226AA42B0072B3A4 /* AppKit-Extensions.swift */; };
		8A6C6459225D324900CD6DCF /* PageController.swift in Sources */ = {isa = PBXBuildFile; fileRef = 8A6C6458225D324900CD6DCF /* PageController.swift */; };
		8A6C645C225D4E9900CD6DCF /* InstallerCellView.swift in Sources */ = {isa = PBXBuildFile; fileRef = 8A6C645B225D4E9900CD6DCF /* InstallerCellView.swift */; };
		8A6C6460225DB39500CD6DCF /* DeviceInformationViewController.swift in Sources */ = {isa = PBXBuildFile; fileRef = 8A6C645F225DB39500CD6DCF /* DeviceInformationViewController.swift */; };
		8A6C646E225DD2CA00CD6DCF /* WizardViewController.swift in Sources */ = {isa = PBXBuildFile; fileRef = 8A6C646D225DD2CA00CD6DCF /* WizardViewController.swift */; };
		8A6C6470225E9FA100CD6DCF /* PreferencesViewController.swift in Sources */ = {isa = PBXBuildFile; fileRef = 8A6C646F225E9FA100CD6DCF /* PreferencesViewController.swift */; };
		8A6C6472225EA05300CD6DCF /* Preferences.swift in Sources */ = {isa = PBXBuildFile; fileRef = 8A6C6471225EA05300CD6DCF /* Preferences.swift */; };
		8A6C6475225EA0CE00CD6DCF /* LoggingPreferences.swift in Sources */ = {isa = PBXBuildFile; fileRef = 8A6C6474225EA0CE00CD6DCF /* LoggingPreferences.swift */; };
		8A6C6477225EA19200CD6DCF /* InstallerServerPreferences.swift in Sources */ = {isa = PBXBuildFile; fileRef = 8A6C6476225EA19200CD6DCF /* InstallerServerPreferences.swift */; };
		8A6C6479225EA1EA00CD6DCF /* PreferenceLoader.swift in Sources */ = {isa = PBXBuildFile; fileRef = 8A6C6478225EA1EA00CD6DCF /* PreferenceLoader.swift */; };
		8A6F28F0221B9F5C00FF9DB3 /* InstallerViewController.swift in Sources */ = {isa = PBXBuildFile; fileRef = 8A6F28EF221B9F5C00FF9DB3 /* InstallerViewController.swift */; };
		8A6F8D8A2263D35B00077172 /* Partition.swift in Sources */ = {isa = PBXBuildFile; fileRef = 8A6F8D892263D35B00077172 /* Partition.swift */; };
		8A87B8B521A47D8C004496AA /* ModelYearDetermination.swift in Sources */ = {isa = PBXBuildFile; fileRef = 8A87B8B421A47D8C004496AA /* ModelYearDetermination.swift */; };
		8A87B8B721A47DD8004496AA /* CwlSysctl.swift in Sources */ = {isa = PBXBuildFile; fileRef = 8A87B8B621A47DD8004496AA /* CwlSysctl.swift */; };
		8A8B59A5224E9FD100CD4094 /* Application.swift in Sources */ = {isa = PBXBuildFile; fileRef = 8A8B59A4224E9FD100CD4094 /* Application.swift */; };
		8A9370CD2256B53C002B3838 /* DiskUtility.swift in Sources */ = {isa = PBXBuildFile; fileRef = 8A9370CC2256B53C002B3838 /* DiskUtility.swift */; };
		8A9370CF2256B7F4002B3838 /* Disk.swift in Sources */ = {isa = PBXBuildFile; fileRef = 8A9370CE2256B7F4002B3838 /* Disk.swift */; };
		8A9370D12256BB5A002B3838 /* Share.swift in Sources */ = {isa = PBXBuildFile; fileRef = 8A9370D02256BB5A002B3838 /* Share.swift */; };
		8A9370D42256D5F6002B3838 /* ItemRepository.swift in Sources */ = {isa = PBXBuildFile; fileRef = 8A9370D32256D5F6002B3838 /* ItemRepository.swift */; };
		8A9370D62256D604002B3838 /* RepositoryItem.swift in Sources */ = {isa = PBXBuildFile; fileRef = 8A9370D52256D604002B3838 /* RepositoryItem.swift */; };
		8A9C0CCD226AA1580032FC20 /* FileSystemItem.swift in Sources */ = {isa = PBXBuildFile; fileRef = 8ADFB00E226A76D900B637E5 /* FileSystemItem.swift */; };
		8A9D9A962262F24A00E4D36F /* IPAddressChooserDialog.swift in Sources */ = {isa = PBXBuildFile; fileRef = 8A9D9A952262F24A00E4D36F /* IPAddressChooserDialog.swift */; };
		8A9D9A982262FB5F00E4D36F /* IPAddressChooserDialog.xib in Resources */ = {isa = PBXBuildFile; fileRef = 8A9D9A972262FB5F00E4D36F /* IPAddressChooserDialog.xib */; };
		8A9D9A9A226307CD00E4D36F /* KBTextFieldDialog-small.xib in Resources */ = {isa = PBXBuildFile; fileRef = 8A9D9A99226307CD00E4D36F /* KBTextFieldDialog-small.xib */; };
		8A9D9A9C2263084600E4D36F /* KBTextFieldDialog.swift in Sources */ = {isa = PBXBuildFile; fileRef = 8A9D9A9B2263084600E4D36F /* KBTextFieldDialog.swift */; };
		8A9D9AAC22632B4700E4D36F /* config-file-icon.icns in Resources */ = {isa = PBXBuildFile; fileRef = 8A9D9AAB22632B4700E4D36F /* config-file-icon.icns */; };
		8A9D9AAE2263370800E4D36F /* KBTextFieldDialog-large.xib in Resources */ = {isa = PBXBuildFile; fileRef = 8A9D9AAD2263370800E4D36F /* KBTextFieldDialog-large.xib */; };
		8AA841CC22659260009C5948 /* DiskImage.swift in Sources */ = {isa = PBXBuildFile; fileRef = 8AA841CB22659260009C5948 /* DiskImage.swift */; };
		8AA841CE226593A1009C5948 /* HDIUtilOutput.swift in Sources */ = {isa = PBXBuildFile; fileRef = 8AA841CD226593A1009C5948 /* HDIUtilOutput.swift */; };
		8AA841D02265A509009C5948 /* Units.swift in Sources */ = {isa = PBXBuildFile; fileRef = 8AA841CF2265A509009C5948 /* Units.swift */; };
		8AA841D322664276009C5948 /* PaddedTextField.swift in Sources */ = {isa = PBXBuildFile; fileRef = 8AA841D222664276009C5948 /* PaddedTextField.swift */; };
		8ABAE3112252A46300E537D3 /* DiskSelectionViewController.swift in Sources */ = {isa = PBXBuildFile; fileRef = 8ABAE3102252A46300E537D3 /* DiskSelectionViewController.swift */; };
		8ABAE3132252C1D800E537D3 /* TaskHandler.swift in Sources */ = {isa = PBXBuildFile; fileRef = 8ABAE3122252C1D800E537D3 /* TaskHandler.swift */; };
		8ABAE31D2252DA5800E537D3 /* Installer.swift in Sources */ = {isa = PBXBuildFile; fileRef = 8ABAE31C2252DA5800E537D3 /* Installer.swift */; };
		8ACB65D521063E6F004B9C5A /* AppDelegate.swift in Sources */ = {isa = PBXBuildFile; fileRef = 8ACB65D421063E6F004B9C5A /* AppDelegate.swift */; };
		8ACB65D721063E6F004B9C5A /* ApplicationViewController.swift in Sources */ = {isa = PBXBuildFile; fileRef = 8ACB65D621063E6F004B9C5A /* ApplicationViewController.swift */; };
		8ACB65D921063E6F004B9C5A /* Assets.xcassets in Resources */ = {isa = PBXBuildFile; fileRef = 8ACB65D821063E6F004B9C5A /* Assets.xcassets */; };
		8ACB65DC21063E6F004B9C5A /* Main.storyboard in Resources */ = {isa = PBXBuildFile; fileRef = 8ACB65DA21063E6F004B9C5A /* Main.storyboard */; };
		8AD01EFF22A16F0100C722B6 /* Root.swift in Sources */ = {isa = PBXBuildFile; fileRef = 8AD01EE822A16EFF00C722B6 /* Root.swift */; };
		8AD01F0222A16F3A00C722B6 /* SystemProfiler.swift in Sources */ = {isa = PBXBuildFile; fileRef = 8AD01F0122A16F3A00C722B6 /* SystemProfiler.swift */; };
		8AD01F0422A16F4500C722B6 /* SerialNumberMatcher.swift in Sources */ = {isa = PBXBuildFile; fileRef = 8AD01F0322A16F4500C722B6 /* SerialNumberMatcher.swift */; };
		8AD01F0B22A16F5600C722B6 /* PowerItem.swift in Sources */ = {isa = PBXBuildFile; fileRef = 8AD01EEC22A16F0100C722B6 /* PowerItem.swift */; };
		8AD01F0C22A16F5600C722B6 /* BatteryItem.swift in Sources */ = {isa = PBXBuildFile; fileRef = 8AD01EED22A16F0100C722B6 /* BatteryItem.swift */; };
		8AD01F0D22A16F5600C722B6 /* HardwareItem.swift in Sources */ = {isa = PBXBuildFile; fileRef = 8AD01EEE22A16F0100C722B6 /* HardwareItem.swift */; };
		8AD01F0E22A16F5600C722B6 /* AudioItem.swift in Sources */ = {isa = PBXBuildFile; fileRef = 8AD01EEF22A16F0100C722B6 /* AudioItem.swift */; };
		8AD01F0F22A16F5600C722B6 /* MemoryItem.swift in Sources */ = {isa = PBXBuildFile; fileRef = 8AD01EF022A16F0100C722B6 /* MemoryItem.swift */; };
		8AD01F1022A16F5600C722B6 /* DisplayItem.swift in Sources */ = {isa = PBXBuildFile; fileRef = 8AD01EF122A16F0100C722B6 /* DisplayItem.swift */; };
		8AD01F1122A16F5B00C722B6 /* ItemType.swift in Sources */ = {isa = PBXBuildFile; fileRef = 8AD01EF722A16F0100C722B6 /* ItemType.swift */; };
		8AD01F1222A16F5B00C722B6 /* StorageItem.swift in Sources */ = {isa = PBXBuildFile; fileRef = 8AD01EF822A16F0100C722B6 /* StorageItem.swift */; };
		8AD01F1322A16F5F00C722B6 /* SerialATAItem.swift in Sources */ = {isa = PBXBuildFile; fileRef = 8AD01EF322A16F0100C722B6 /* SerialATAItem.swift */; };
		8AD01F1422A16F5F00C722B6 /* NVMeItem.swift in Sources */ = {isa = PBXBuildFile; fileRef = 8AD01EF422A16F0100C722B6 /* NVMeItem.swift */; };
		8AD01F1522A16F5F00C722B6 /* DiscBurningItem.swift in Sources */ = {isa = PBXBuildFile; fileRef = 8AD01EF522A16F0100C722B6 /* DiscBurningItem.swift */; };
		8AD01F1722A1700900C722B6 /* XMLParsing+Alamofire.swift in Sources */ = {isa = PBXBuildFile; fileRef = 8AD01F1622A1700800C722B6 /* XMLParsing+Alamofire.swift */; };
		8AD01F1922A1735A00C722B6 /* NestedItemType.swift in Sources */ = {isa = PBXBuildFile; fileRef = 8AD01F1822A1735900C722B6 /* NestedItemType.swift */; };
		8AD01F1C22A173E100C722B6 /* SystemProfilerItem.swift in Sources */ = {isa = PBXBuildFile; fileRef = 8AD01F1B22A173E100C722B6 /* SystemProfilerItem.swift */; };
		8AD01F1E22A1741B00C722B6 /* CondensedSystemProfilerData.swift in Sources */ = {isa = PBXBuildFile; fileRef = 8AD01EFA22A16F0100C722B6 /* CondensedSystemProfilerData.swift */; };
		8AD01F1F22A1741B00C722B6 /* CondensedStorageItem.swift in Sources */ = {isa = PBXBuildFile; fileRef = 8AD01EFB22A16F0100C722B6 /* CondensedStorageItem.swift */; };
		8AD01F2022A1741B00C722B6 /* CondensedDisplayInfo.swift in Sources */ = {isa = PBXBuildFile; fileRef = 8AD01EFC22A16F0100C722B6 /* CondensedDisplayInfo.swift */; };
		8AD01F2122A1741B00C722B6 /* CondensedBatteryHealth.swift in Sources */ = {isa = PBXBuildFile; fileRef = 8AD01EFD22A16F0100C722B6 /* CondensedBatteryHealth.swift */; };
		8AD01F2322A187D300C722B6 /* CheckCoverageViewController.swift in Sources */ = {isa = PBXBuildFile; fileRef = 8AD01F2222A187D300C722B6 /* CheckCoverageViewController.swift */; };
		8AED6288393102F645E0F76B /* (null) in Frameworks */ = {isa = PBXBuildFile; };
		8AFCCD8822654E4B0026CFE6 /* DiskUtilityOutput.swift in Sources */ = {isa = PBXBuildFile; fileRef = 8AFCCD8722654E4B0026CFE6 /* DiskUtilityOutput.swift */; };
		8AFE1B772285F8BC0084D92E /* DiskInfo.swift in Sources */ = {isa = PBXBuildFile; fileRef = 8AFE1B762285F8BC0084D92E /* DiskInfo.swift */; };
		8AFE1B792286079C0084D92E /* CoreStorage.swift in Sources */ = {isa = PBXBuildFile; fileRef = 8AFE1B782286079C0084D92E /* CoreStorage.swift */; };
		8AFE1B7B228620520084D92E /* CoreStorageListOutput.swift in Sources */ = {isa = PBXBuildFile; fileRef = 8AFE1B7A228620520084D92E /* CoreStorageListOutput.swift */; };
/* End PBXBuildFile section */

/* Begin PBXFileReference section */
		02F50B1561E3062ADD7CE4B7 /* Pods_macOS_Utilities.framework */ = {isa = PBXFileReference; explicitFileType = wrapper.framework; includeInIndex = 0; path = Pods_macOS_Utilities.framework; sourceTree = BUILT_PRODUCTS_DIR; };
		6860ADA373D41D17F16C8D3A /* Pods-macOS UtilitiesTests.release.xcconfig */ = {isa = PBXFileReference; includeInIndex = 1; lastKnownFileType = text.xcconfig; name = "Pods-macOS UtilitiesTests.release.xcconfig"; path = "Pods/Target Support Files/Pods-macOS UtilitiesTests/Pods-macOS UtilitiesTests.release.xcconfig"; sourceTree = "<group>"; };
		7869FA87384CE89FE146572E /* Pods-macOS UtilitiesTests.debug.xcconfig */ = {isa = PBXFileReference; includeInIndex = 1; lastKnownFileType = text.xcconfig; name = "Pods-macOS UtilitiesTests.debug.xcconfig"; path = "Pods/Target Support Files/Pods-macOS UtilitiesTests/Pods-macOS UtilitiesTests.debug.xcconfig"; sourceTree = "<group>"; };
		7D34D0D826F1DE150B6BEB3E /* Pods_macOS_UtilitiesTests.framework */ = {isa = PBXFileReference; explicitFileType = wrapper.framework; includeInIndex = 0; path = Pods_macOS_UtilitiesTests.framework; sourceTree = BUILT_PRODUCTS_DIR; };
		8A0138D0221749BD00C77DA0 /* Version.swift */ = {isa = PBXFileReference; lastKnownFileType = sourcecode.swift; path = Version.swift; sourceTree = "<group>"; };
		8A0138D52217624700C77DA0 /* InfoPopoverViewController.swift */ = {isa = PBXFileReference; lastKnownFileType = sourcecode.swift; path = InfoPopoverViewController.swift; sourceTree = "<group>"; };
		8A175AAB225EFEE50018C977 /* ErrorAlertLogger.swift */ = {isa = PBXFileReference; lastKnownFileType = sourcecode.swift; path = ErrorAlertLogger.swift; sourceTree = "<group>"; };
		8A175AAD225F2BE70018C977 /* PreferencesApplicationsViewController.swift */ = {isa = PBXFileReference; lastKnownFileType = sourcecode.swift; name = PreferencesApplicationsViewController.swift; path = ../PreferencesApplicationsViewController.swift; sourceTree = "<group>"; };
		8A175AAF225FD8770018C977 /* macOS Utilities.entitlements */ = {isa = PBXFileReference; lastKnownFileType = text.plist.entitlements; path = "macOS Utilities.entitlements"; sourceTree = "<group>"; };
		8A2B05F22266888A0089F3A3 /* MenuHandler.swift */ = {isa = PBXFileReference; lastKnownFileType = sourcecode.swift; path = MenuHandler.swift; sourceTree = "<group>"; };
		8A3243C222A193E70042E6D9 /* NSTextField+Autosizing.swift */ = {isa = PBXFileReference; fileEncoding = 4; lastKnownFileType = sourcecode.swift; path = "NSTextField+Autosizing.swift"; sourceTree = "<group>"; };
		8A3243C422A1AA270042E6D9 /* KBBarcodePreviewItem.swift */ = {isa = PBXFileReference; lastKnownFileType = sourcecode.swift; path = KBBarcodePreviewItem.swift; sourceTree = "<group>"; };
		8A3243C622A1B2510042E6D9 /* BarcodeGenerator.swift */ = {isa = PBXFileReference; lastKnownFileType = sourcecode.swift; path = BarcodeGenerator.swift; sourceTree = "<group>"; };
		8A39D35F2119E81B00437F4E /* com.er2.applications.plist */ = {isa = PBXFileReference; fileEncoding = 4; lastKnownFileType = text.plist.xml; path = com.er2.applications.plist; sourceTree = "<group>"; };
		8A47DED8210A2D30003F5CC3 /* NSCollectionAppCell.swift */ = {isa = PBXFileReference; lastKnownFileType = sourcecode.swift; path = NSCollectionAppCell.swift; sourceTree = "<group>"; };
		8A47DEDA210A3418003F5CC3 /* NSCollectionAppCell.xib */ = {isa = PBXFileReference; lastKnownFileType = file.xib; path = NSCollectionAppCell.xib; sourceTree = "<group>"; };
		8A57BF3F2262A0C200719E74 /* LegacyPreferences.swift */ = {isa = PBXFileReference; lastKnownFileType = sourcecode.swift; path = LegacyPreferences.swift; sourceTree = "<group>"; };
		8A57BF422262A1AF00719E74 /* LoggerManager.swift */ = {isa = PBXFileReference; lastKnownFileType = sourcecode.swift; path = LoggerManager.swift; sourceTree = "<group>"; };
		8A584770226AAF67008E9DE8 /* Foundation-Extensions.swift */ = {isa = PBXFileReference; lastKnownFileType = sourcecode.swift; path = "Foundation-Extensions.swift"; sourceTree = "<group>"; };
		8A584772226AB351008E9DE8 /* KBTableView.swift */ = {isa = PBXFileReference; lastKnownFileType = sourcecode.swift; path = KBTableView.swift; sourceTree = "<group>"; };
		8A584775226ABDA5008E9DE8 /* CocoaLumberjack-Extensions.swift */ = {isa = PBXFileReference; lastKnownFileType = sourcecode.swift; path = "CocoaLumberjack-Extensions.swift"; sourceTree = "<group>"; };
		8A584777226AC446008E9DE8 /* Utility.swift */ = {isa = PBXFileReference; lastKnownFileType = sourcecode.swift; path = Utility.swift; sourceTree = "<group>"; };
		8A58477F226AD8E7008E9DE8 /* macOS_UtilitiesTests.swift */ = {isa = PBXFileReference; lastKnownFileType = sourcecode.swift; path = macOS_UtilitiesTests.swift; sourceTree = "<group>"; };
		8A584781226AD8E7008E9DE8 /* Info.plist */ = {isa = PBXFileReference; lastKnownFileType = text.plist.xml; path = Info.plist; sourceTree = "<group>"; };
		8A584787226ADD9A008E9DE8 /* TestPreferenceLoader.swift */ = {isa = PBXFileReference; lastKnownFileType = sourcecode.swift; path = TestPreferenceLoader.swift; sourceTree = "<group>"; };
		8A662215226AA42B0072B3A4 /* AppKit-Extensions.swift */ = {isa = PBXFileReference; lastKnownFileType = sourcecode.swift; path = "AppKit-Extensions.swift"; sourceTree = "<group>"; };
		8A6C6452225BADC900CD6DCF /* macOS-Utilities-Bridging-Header.h */ = {isa = PBXFileReference; lastKnownFileType = sourcecode.c.h; path = "macOS-Utilities-Bridging-Header.h"; sourceTree = "<group>"; };
		8A6C6458225D324900CD6DCF /* PageController.swift */ = {isa = PBXFileReference; lastKnownFileType = sourcecode.swift; name = PageController.swift; path = "macOS Utilities/View Controllers/PageController.swift"; sourceTree = "<group>"; };
		8A6C645B225D4E9900CD6DCF /* InstallerCellView.swift */ = {isa = PBXFileReference; lastKnownFileType = sourcecode.swift; path = InstallerCellView.swift; sourceTree = "<group>"; };
		8A6C645F225DB39500CD6DCF /* DeviceInformationViewController.swift */ = {isa = PBXFileReference; lastKnownFileType = sourcecode.swift; path = DeviceInformationViewController.swift; sourceTree = "<group>"; };
		8A6C646D225DD2CA00CD6DCF /* WizardViewController.swift */ = {isa = PBXFileReference; fileEncoding = 4; lastKnownFileType = sourcecode.swift; name = WizardViewController.swift; path = "macOS Utilities/View Controllers/WizardViewController.swift"; sourceTree = "<group>"; };
		8A6C646F225E9FA100CD6DCF /* PreferencesViewController.swift */ = {isa = PBXFileReference; lastKnownFileType = sourcecode.swift; name = PreferencesViewController.swift; path = ../PreferencesViewController.swift; sourceTree = "<group>"; };
		8A6C6471225EA05300CD6DCF /* Preferences.swift */ = {isa = PBXFileReference; lastKnownFileType = sourcecode.swift; path = Preferences.swift; sourceTree = "<group>"; };
		8A6C6474225EA0CE00CD6DCF /* LoggingPreferences.swift */ = {isa = PBXFileReference; lastKnownFileType = sourcecode.swift; path = LoggingPreferences.swift; sourceTree = "<group>"; };
		8A6C6476225EA19200CD6DCF /* InstallerServerPreferences.swift */ = {isa = PBXFileReference; lastKnownFileType = sourcecode.swift; path = InstallerServerPreferences.swift; sourceTree = "<group>"; };
		8A6C6478225EA1EA00CD6DCF /* PreferenceLoader.swift */ = {isa = PBXFileReference; lastKnownFileType = sourcecode.swift; path = PreferenceLoader.swift; sourceTree = "<group>"; };
		8A6F28EF221B9F5C00FF9DB3 /* InstallerViewController.swift */ = {isa = PBXFileReference; lastKnownFileType = sourcecode.swift; path = InstallerViewController.swift; sourceTree = "<group>"; };
		8A6F8D892263D35B00077172 /* Partition.swift */ = {isa = PBXFileReference; lastKnownFileType = sourcecode.swift; path = Partition.swift; sourceTree = "<group>"; };
		8A87B8B421A47D8C004496AA /* ModelYearDetermination.swift */ = {isa = PBXFileReference; lastKnownFileType = sourcecode.swift; path = ModelYearDetermination.swift; sourceTree = "<group>"; };
		8A87B8B621A47DD8004496AA /* CwlSysctl.swift */ = {isa = PBXFileReference; lastKnownFileType = sourcecode.swift; path = CwlSysctl.swift; sourceTree = "<group>"; };
		8A8B59A4224E9FD100CD4094 /* Application.swift */ = {isa = PBXFileReference; lastKnownFileType = sourcecode.swift; path = Application.swift; sourceTree = "<group>"; };
		8A9370CC2256B53C002B3838 /* DiskUtility.swift */ = {isa = PBXFileReference; lastKnownFileType = sourcecode.swift; path = DiskUtility.swift; sourceTree = "<group>"; };
		8A9370CE2256B7F4002B3838 /* Disk.swift */ = {isa = PBXFileReference; lastKnownFileType = sourcecode.swift; path = Disk.swift; sourceTree = "<group>"; };
		8A9370D02256BB5A002B3838 /* Share.swift */ = {isa = PBXFileReference; lastKnownFileType = sourcecode.swift; path = Share.swift; sourceTree = "<group>"; };
		8A9370D32256D5F6002B3838 /* ItemRepository.swift */ = {isa = PBXFileReference; lastKnownFileType = sourcecode.swift; path = ItemRepository.swift; sourceTree = "<group>"; };
		8A9370D52256D604002B3838 /* RepositoryItem.swift */ = {isa = PBXFileReference; lastKnownFileType = sourcecode.swift; path = RepositoryItem.swift; sourceTree = "<group>"; };
		8A9D9A952262F24A00E4D36F /* IPAddressChooserDialog.swift */ = {isa = PBXFileReference; lastKnownFileType = sourcecode.swift; path = IPAddressChooserDialog.swift; sourceTree = "<group>"; };
		8A9D9A972262FB5F00E4D36F /* IPAddressChooserDialog.xib */ = {isa = PBXFileReference; lastKnownFileType = file.xib; path = IPAddressChooserDialog.xib; sourceTree = "<group>"; };
		8A9D9A99226307CD00E4D36F /* KBTextFieldDialog-small.xib */ = {isa = PBXFileReference; lastKnownFileType = file.xib; path = "KBTextFieldDialog-small.xib"; sourceTree = "<group>"; };
		8A9D9A9B2263084600E4D36F /* KBTextFieldDialog.swift */ = {isa = PBXFileReference; lastKnownFileType = sourcecode.swift; path = KBTextFieldDialog.swift; sourceTree = "<group>"; };
		8A9D9AAB22632B4700E4D36F /* config-file-icon.icns */ = {isa = PBXFileReference; lastKnownFileType = image.icns; path = "config-file-icon.icns"; sourceTree = "<group>"; };
		8A9D9AAD2263370800E4D36F /* KBTextFieldDialog-large.xib */ = {isa = PBXFileReference; lastKnownFileType = file.xib; path = "KBTextFieldDialog-large.xib"; sourceTree = "<group>"; };
		8AA841CB22659260009C5948 /* DiskImage.swift */ = {isa = PBXFileReference; lastKnownFileType = sourcecode.swift; path = DiskImage.swift; sourceTree = "<group>"; };
		8AA841CD226593A1009C5948 /* HDIUtilOutput.swift */ = {isa = PBXFileReference; lastKnownFileType = sourcecode.swift; path = HDIUtilOutput.swift; sourceTree = "<group>"; };
		8AA841CF2265A509009C5948 /* Units.swift */ = {isa = PBXFileReference; lastKnownFileType = sourcecode.swift; path = Units.swift; sourceTree = "<group>"; };
		8AA841D222664276009C5948 /* PaddedTextField.swift */ = {isa = PBXFileReference; lastKnownFileType = sourcecode.swift; path = PaddedTextField.swift; sourceTree = "<group>"; };
		8ABAE3102252A46300E537D3 /* DiskSelectionViewController.swift */ = {isa = PBXFileReference; lastKnownFileType = sourcecode.swift; path = DiskSelectionViewController.swift; sourceTree = "<group>"; };
		8ABAE3122252C1D800E537D3 /* TaskHandler.swift */ = {isa = PBXFileReference; lastKnownFileType = sourcecode.swift; path = TaskHandler.swift; sourceTree = "<group>"; };
		8ABAE31C2252DA5800E537D3 /* Installer.swift */ = {isa = PBXFileReference; lastKnownFileType = sourcecode.swift; path = Installer.swift; sourceTree = "<group>"; };
		8ACB65D121063E6F004B9C5A /* macOS Utilities.app */ = {isa = PBXFileReference; explicitFileType = wrapper.application; includeInIndex = 0; path = "macOS Utilities.app"; sourceTree = BUILT_PRODUCTS_DIR; };
		8ACB65D421063E6F004B9C5A /* AppDelegate.swift */ = {isa = PBXFileReference; lastKnownFileType = sourcecode.swift; path = AppDelegate.swift; sourceTree = "<group>"; };
		8ACB65D621063E6F004B9C5A /* ApplicationViewController.swift */ = {isa = PBXFileReference; lastKnownFileType = sourcecode.swift; path = ApplicationViewController.swift; sourceTree = "<group>"; };
		8ACB65D821063E6F004B9C5A /* Assets.xcassets */ = {isa = PBXFileReference; lastKnownFileType = folder.assetcatalog; path = Assets.xcassets; sourceTree = "<group>"; };
		8ACB65DB21063E6F004B9C5A /* Base */ = {isa = PBXFileReference; lastKnownFileType = file.storyboard; name = Base; path = Base.lproj/Main.storyboard; sourceTree = "<group>"; };
		8ACB65DD21063E6F004B9C5A /* Info.plist */ = {isa = PBXFileReference; lastKnownFileType = text.plist.xml; path = Info.plist; sourceTree = "<group>"; };
		8ACB65DE21063E6F004B9C5A /* macOS_Utilities.entitlements */ = {isa = PBXFileReference; lastKnownFileType = text.plist.entitlements; path = macOS_Utilities.entitlements; sourceTree = "<group>"; };
		8AD01EE822A16EFF00C722B6 /* Root.swift */ = {isa = PBXFileReference; lastKnownFileType = sourcecode.swift; path = Root.swift; sourceTree = "<group>"; };
		8AD01EEC22A16F0100C722B6 /* PowerItem.swift */ = {isa = PBXFileReference; lastKnownFileType = sourcecode.swift; path = PowerItem.swift; sourceTree = "<group>"; };
		8AD01EED22A16F0100C722B6 /* BatteryItem.swift */ = {isa = PBXFileReference; lastKnownFileType = sourcecode.swift; path = BatteryItem.swift; sourceTree = "<group>"; };
		8AD01EEE22A16F0100C722B6 /* HardwareItem.swift */ = {isa = PBXFileReference; lastKnownFileType = sourcecode.swift; path = HardwareItem.swift; sourceTree = "<group>"; };
		8AD01EEF22A16F0100C722B6 /* AudioItem.swift */ = {isa = PBXFileReference; lastKnownFileType = sourcecode.swift; path = AudioItem.swift; sourceTree = "<group>"; };
		8AD01EF022A16F0100C722B6 /* MemoryItem.swift */ = {isa = PBXFileReference; lastKnownFileType = sourcecode.swift; path = MemoryItem.swift; sourceTree = "<group>"; };
		8AD01EF122A16F0100C722B6 /* DisplayItem.swift */ = {isa = PBXFileReference; lastKnownFileType = sourcecode.swift; path = DisplayItem.swift; sourceTree = "<group>"; };
		8AD01EF322A16F0100C722B6 /* SerialATAItem.swift */ = {isa = PBXFileReference; lastKnownFileType = sourcecode.swift; path = SerialATAItem.swift; sourceTree = "<group>"; };
		8AD01EF422A16F0100C722B6 /* NVMeItem.swift */ = {isa = PBXFileReference; lastKnownFileType = sourcecode.swift; path = NVMeItem.swift; sourceTree = "<group>"; };
		8AD01EF522A16F0100C722B6 /* DiscBurningItem.swift */ = {isa = PBXFileReference; lastKnownFileType = sourcecode.swift; path = DiscBurningItem.swift; sourceTree = "<group>"; };
		8AD01EF722A16F0100C722B6 /* ItemType.swift */ = {isa = PBXFileReference; lastKnownFileType = sourcecode.swift; path = ItemType.swift; sourceTree = "<group>"; };
		8AD01EF822A16F0100C722B6 /* StorageItem.swift */ = {isa = PBXFileReference; lastKnownFileType = sourcecode.swift; path = StorageItem.swift; sourceTree = "<group>"; };
		8AD01EFA22A16F0100C722B6 /* CondensedSystemProfilerData.swift */ = {isa = PBXFileReference; lastKnownFileType = sourcecode.swift; path = CondensedSystemProfilerData.swift; sourceTree = "<group>"; };
		8AD01EFB22A16F0100C722B6 /* CondensedStorageItem.swift */ = {isa = PBXFileReference; lastKnownFileType = sourcecode.swift; path = CondensedStorageItem.swift; sourceTree = "<group>"; };
		8AD01EFC22A16F0100C722B6 /* CondensedDisplayInfo.swift */ = {isa = PBXFileReference; lastKnownFileType = sourcecode.swift; path = CondensedDisplayInfo.swift; sourceTree = "<group>"; };
		8AD01EFD22A16F0100C722B6 /* CondensedBatteryHealth.swift */ = {isa = PBXFileReference; lastKnownFileType = sourcecode.swift; path = CondensedBatteryHealth.swift; sourceTree = "<group>"; };
		8AD01F0122A16F3A00C722B6 /* SystemProfiler.swift */ = {isa = PBXFileReference; fileEncoding = 4; lastKnownFileType = sourcecode.swift; path = SystemProfiler.swift; sourceTree = "<group>"; };
		8AD01F0322A16F4500C722B6 /* SerialNumberMatcher.swift */ = {isa = PBXFileReference; fileEncoding = 4; lastKnownFileType = sourcecode.swift; path = SerialNumberMatcher.swift; sourceTree = "<group>"; };
		8AD01F1622A1700800C722B6 /* XMLParsing+Alamofire.swift */ = {isa = PBXFileReference; fileEncoding = 4; lastKnownFileType = sourcecode.swift; path = "XMLParsing+Alamofire.swift"; sourceTree = "<group>"; };
		8AD01F1822A1735900C722B6 /* NestedItemType.swift */ = {isa = PBXFileReference; fileEncoding = 4; lastKnownFileType = sourcecode.swift; path = NestedItemType.swift; sourceTree = "<group>"; };
		8AD01F1B22A173E100C722B6 /* SystemProfilerItem.swift */ = {isa = PBXFileReference; fileEncoding = 4; lastKnownFileType = sourcecode.swift; path = SystemProfilerItem.swift; sourceTree = "<group>"; };
		8AD01F2222A187D300C722B6 /* CheckCoverageViewController.swift */ = {isa = PBXFileReference; lastKnownFileType = sourcecode.swift; path = CheckCoverageViewController.swift; sourceTree = "<group>"; };
		8ADFB00E226A76D900B637E5 /* FileSystemItem.swift */ = {isa = PBXFileReference; lastKnownFileType = sourcecode.swift; path = FileSystemItem.swift; sourceTree = "<group>"; };
		8AFCCD8722654E4B0026CFE6 /* DiskUtilityOutput.swift */ = {isa = PBXFileReference; lastKnownFileType = sourcecode.swift; path = DiskUtilityOutput.swift; sourceTree = "<group>"; };
		8AFE1B762285F8BC0084D92E /* DiskInfo.swift */ = {isa = PBXFileReference; lastKnownFileType = sourcecode.swift; path = DiskInfo.swift; sourceTree = "<group>"; };
		8AFE1B782286079C0084D92E /* CoreStorage.swift */ = {isa = PBXFileReference; lastKnownFileType = sourcecode.swift; path = CoreStorage.swift; sourceTree = "<group>"; };
		8AFE1B7A228620520084D92E /* CoreStorageListOutput.swift */ = {isa = PBXFileReference; lastKnownFileType = sourcecode.swift; path = CoreStorageListOutput.swift; sourceTree = "<group>"; };
		D04B207FCA2163F7FF4B0B6B /* Pods-macOS Utilities.debug.xcconfig */ = {isa = PBXFileReference; includeInIndex = 1; lastKnownFileType = text.xcconfig; name = "Pods-macOS Utilities.debug.xcconfig"; path = "Pods/Target Support Files/Pods-macOS Utilities/Pods-macOS Utilities.debug.xcconfig"; sourceTree = "<group>"; };
		D8A022574234BFBF730A7F5C /* Pods-macOS Utilities.release.xcconfig */ = {isa = PBXFileReference; includeInIndex = 1; lastKnownFileType = text.xcconfig; name = "Pods-macOS Utilities.release.xcconfig"; path = "Pods/Target Support Files/Pods-macOS Utilities/Pods-macOS Utilities.release.xcconfig"; sourceTree = "<group>"; };
/* End PBXFileReference section */

/* Begin PBXFrameworksBuildPhase section */
		8ACB65CE21063E6F004B9C5A /* Frameworks */ = {
			isa = PBXFrameworksBuildPhase;
			buildActionMask = 2147483647;
			files = (
				8AED6288393102F645E0F76B /* (null) in Frameworks */,
				4B87EE4A123D4EE1F26E61A2 /* Pods_macOS_Utilities.framework in Frameworks */,
			);
			runOnlyForDeploymentPostprocessing = 0;
		};
/* End PBXFrameworksBuildPhase section */

/* Begin PBXGroup section */
		1FAA8275C03D6F1149C6C2C2 /* Frameworks */ = {
			isa = PBXGroup;
			children = (
				7D34D0D826F1DE150B6BEB3E /* Pods_macOS_UtilitiesTests.framework */,
				02F50B1561E3062ADD7CE4B7 /* Pods_macOS_Utilities.framework */,
			);
			name = Frameworks;
			sourceTree = "<group>";
		};
		6779170F6C88D1AB54209B25 /* Pods */ = {
			isa = PBXGroup;
			children = (
				D04B207FCA2163F7FF4B0B6B /* Pods-macOS Utilities.debug.xcconfig */,
				D8A022574234BFBF730A7F5C /* Pods-macOS Utilities.release.xcconfig */,
				7869FA87384CE89FE146572E /* Pods-macOS UtilitiesTests.debug.xcconfig */,
				6860ADA373D41D17F16C8D3A /* Pods-macOS UtilitiesTests.release.xcconfig */,
			);
			name = Pods;
			sourceTree = "<group>";
		};
		8A0138C7221703BC00C77DA0 /* Compatibility */ = {
			isa = PBXGroup;
			children = (
				8A0138D0221749BD00C77DA0 /* Version.swift */,
				8A87B8B421A47D8C004496AA /* ModelYearDetermination.swift */,
			);
			path = Compatibility;
			sourceTree = "<group>";
		};
		8A0138C8221703CC00C77DA0 /* Helpers */ = {
			isa = PBXGroup;
			children = (
				8AD01F0322A16F4500C722B6 /* SerialNumberMatcher.swift */,
				8AD01EE522A16EAA00C722B6 /* SystemProfiler */,
				8A57BF412262A1A300719E74 /* Logger */,
				8A6C6473225EA0BD00CD6DCF /* Preferences */,
				8A87B8B621A47DD8004496AA /* CwlSysctl.swift */,
				8ABAE3122252C1D800E537D3 /* TaskHandler.swift */,
				8AA841CF2265A509009C5948 /* Units.swift */,
				8A2B05F22266888A0089F3A3 /* MenuHandler.swift */,
				8A3243C622A1B2510042E6D9 /* BarcodeGenerator.swift */,
			);
			path = Helpers;
			sourceTree = "<group>";
		};
		8A0138C9221703D400C77DA0 /* NSCollectionAppCell */ = {
			isa = PBXGroup;
			children = (
				8A47DED8210A2D30003F5CC3 /* NSCollectionAppCell.swift */,
			);
			path = NSCollectionAppCell;
			sourceTree = "<group>";
		};
		8A0138D2221757B200C77DA0 /* Utility */ = {
			isa = PBXGroup;
			children = (
				8A9370CC2256B53C002B3838 /* DiskUtility.swift */,
			);
			path = Utility;
			sourceTree = "<group>";
		};
		8A0138D32217623200C77DA0 /* Storyboards */ = {
			isa = PBXGroup;
			children = (
				8ACB65DA21063E6F004B9C5A /* Main.storyboard */,
				8A9D9A972262FB5F00E4D36F /* IPAddressChooserDialog.xib */,
				8A9D9AAF2263370E00E4D36F /* KBTextFieldDialog (don't hurt me) */,
				8A47DEDA210A3418003F5CC3 /* NSCollectionAppCell.xib */,
			);
			path = Storyboards;
			sourceTree = "<group>";
		};
		8A0138D42217623700C77DA0 /* View Controllers */ = {
			isa = PBXGroup;
			children = (
				8A6C645A225D4E8D00CD6DCF /* NSTableCellView */,
				8A0138C9221703D400C77DA0 /* NSCollectionAppCell */,
				8A6C6457225D305700CD6DCF /* NSPageController */,
				8ACB65D621063E6F004B9C5A /* ApplicationViewController.swift */,
				8A0138D52217624700C77DA0 /* InfoPopoverViewController.swift */,
				8A6F28EF221B9F5C00FF9DB3 /* InstallerViewController.swift */,
				8ABAE3102252A46300E537D3 /* DiskSelectionViewController.swift */,
				8A6C645F225DB39500CD6DCF /* DeviceInformationViewController.swift */,
				8AD01F2222A187D300C722B6 /* CheckCoverageViewController.swift */,
				8A12391F226110A9008E551A /* Preferences */,
			);
			path = "View Controllers";
			sourceTree = "<group>";
		};
		8A12391F226110A9008E551A /* Preferences */ = {
			isa = PBXGroup;
			children = (
				8A6C646F225E9FA100CD6DCF /* PreferencesViewController.swift */,
				8A175AAD225F2BE70018C977 /* PreferencesApplicationsViewController.swift */,
				8A9D9A952262F24A00E4D36F /* IPAddressChooserDialog.swift */,
			);
			path = Preferences;
			sourceTree = "<group>";
		};
		8A2B05F0226685DC0089F3A3 /* Output Parsers */ = {
			isa = PBXGroup;
			children = (
				8AFCCD8722654E4B0026CFE6 /* DiskUtilityOutput.swift */,
				8AA841CD226593A1009C5948 /* HDIUtilOutput.swift */,
				8AFE1B762285F8BC0084D92E /* DiskInfo.swift */,
				8AFE1B782286079C0084D92E /* CoreStorage.swift */,
				8AFE1B7A228620520084D92E /* CoreStorageListOutput.swift */,
			);
			path = "Output Parsers";
			sourceTree = "<group>";
		};
		8A2B05F1226685E90089F3A3 /* Filesystem */ = {
			isa = PBXGroup;
			children = (
				8ADFB00E226A76D900B637E5 /* FileSystemItem.swift */,
				8A2B05F0226685DC0089F3A3 /* Output Parsers */,
				8A9370CE2256B7F4002B3838 /* Disk.swift */,
				8A9370D02256BB5A002B3838 /* Share.swift */,
				8A6F8D892263D35B00077172 /* Partition.swift */,
				8AA841CB22659260009C5948 /* DiskImage.swift */,
			);
			path = Filesystem;
			sourceTree = "<group>";
		};
		8A57BF412262A1A300719E74 /* Logger */ = {
			isa = PBXGroup;
			children = (
				8A175AAB225EFEE50018C977 /* ErrorAlertLogger.swift */,
				8A57BF422262A1AF00719E74 /* LoggerManager.swift */,
			);
			path = Logger;
			sourceTree = "<group>";
		};
		8A584774226AB461008E9DE8 /* KBJunk */ = {
			isa = PBXGroup;
			children = (
				8AA841D222664276009C5948 /* PaddedTextField.swift */,
				8A9D9A9B2263084600E4D36F /* KBTextFieldDialog.swift */,
				8A584772226AB351008E9DE8 /* KBTableView.swift */,
			);
			path = KBJunk;
			sourceTree = "<group>";
		};
		8A58477E226AD8E7008E9DE8 /* macOS UtilitiesTests */ = {
			isa = PBXGroup;
			children = (
				8A58477F226AD8E7008E9DE8 /* macOS_UtilitiesTests.swift */,
				8A584787226ADD9A008E9DE8 /* TestPreferenceLoader.swift */,
				8A584781226AD8E7008E9DE8 /* Info.plist */,
			);
			path = "macOS UtilitiesTests";
			sourceTree = "<group>";
		};
		8A662214226AA4190072B3A4 /* Extensions */ = {
			isa = PBXGroup;
			children = (
				8A3243C222A193E70042E6D9 /* NSTextField+Autosizing.swift */,
				8AD01F1622A1700800C722B6 /* XMLParsing+Alamofire.swift */,
				8A662215226AA42B0072B3A4 /* AppKit-Extensions.swift */,
				8A584770226AAF67008E9DE8 /* Foundation-Extensions.swift */,
				8A584775226ABDA5008E9DE8 /* CocoaLumberjack-Extensions.swift */,
			);
			path = Extensions;
			sourceTree = "<group>";
		};
		8A6C6457225D305700CD6DCF /* NSPageController */ = {
			isa = PBXGroup;
			children = (
				8A6C646D225DD2CA00CD6DCF /* WizardViewController.swift */,
				8A6C6458225D324900CD6DCF /* PageController.swift */,
			);
			name = NSPageController;
			path = ../..;
			sourceTree = "<group>";
		};
		8A6C645A225D4E8D00CD6DCF /* NSTableCellView */ = {
			isa = PBXGroup;
			children = (
				8A6C645B225D4E9900CD6DCF /* InstallerCellView.swift */,
			);
			path = NSTableCellView;
			sourceTree = "<group>";
		};
		8A6C6473225EA0BD00CD6DCF /* Preferences */ = {
			isa = PBXGroup;
			children = (
				8A6C6478225EA1EA00CD6DCF /* PreferenceLoader.swift */,
				8A6C647A225EA8C800CD6DCF /* Models */,
			);
			path = Preferences;
			sourceTree = "<group>";
		};
		8A6C647A225EA8C800CD6DCF /* Models */ = {
			isa = PBXGroup;
			children = (
				8A6C6471225EA05300CD6DCF /* Preferences.swift */,
				8A6C6474225EA0CE00CD6DCF /* LoggingPreferences.swift */,
				8A6C6476225EA19200CD6DCF /* InstallerServerPreferences.swift */,
				8A57BF3F2262A0C200719E74 /* LegacyPreferences.swift */,
			);
			path = Models;
			sourceTree = "<group>";
		};
		8A9370D22256D5E6002B3838 /* Repository */ = {
			isa = PBXGroup;
			children = (
				8A9370D72256F166002B3838 /* Models */,
				8A9370D32256D5F6002B3838 /* ItemRepository.swift */,
			);
			path = Repository;
			sourceTree = "<group>";
		};
		8A9370D72256F166002B3838 /* Models */ = {
			isa = PBXGroup;
			children = (
				8A9370D52256D604002B3838 /* RepositoryItem.swift */,
				8A8B59A4224E9FD100CD4094 /* Application.swift */,
				8ABAE31C2252DA5800E537D3 /* Installer.swift */,
				8A584777226AC446008E9DE8 /* Utility.swift */,
				8A2B05F1226685E90089F3A3 /* Filesystem */,
			);
			path = Models;
			sourceTree = "<group>";
		};
		8A9D9AA822632A2900E4D36F /* Resources */ = {
			isa = PBXGroup;
			children = (
				8A9D9AAA22632A7900E4D36F /* Default Settings */,
				8A9D9AA922632A6A00E4D36F /* Icons */,
				8A175AAF225FD8770018C977 /* macOS Utilities.entitlements */,
				8ACB65D821063E6F004B9C5A /* Assets.xcassets */,
				8ACB65DD21063E6F004B9C5A /* Info.plist */,
				8ACB65DE21063E6F004B9C5A /* macOS_Utilities.entitlements */,
				8A6C6452225BADC900CD6DCF /* macOS-Utilities-Bridging-Header.h */,
			);
			name = Resources;
			sourceTree = "<group>";
		};
		8A9D9AA922632A6A00E4D36F /* Icons */ = {
			isa = PBXGroup;
			children = (
				8A9D9AAB22632B4700E4D36F /* config-file-icon.icns */,
			);
			name = Icons;
			sourceTree = "<group>";
		};
		8A9D9AAA22632A7900E4D36F /* Default Settings */ = {
			isa = PBXGroup;
			children = (
				8A39D35F2119E81B00437F4E /* com.er2.applications.plist */,
			);
			name = "Default Settings";
			sourceTree = "<group>";
		};
		8A9D9AAF2263370E00E4D36F /* KBTextFieldDialog (don't hurt me) */ = {
			isa = PBXGroup;
			children = (
				8A9D9A99226307CD00E4D36F /* KBTextFieldDialog-small.xib */,
				8A9D9AAD2263370800E4D36F /* KBTextFieldDialog-large.xib */,
			);
			path = "KBTextFieldDialog (don't hurt me)";
			sourceTree = "<group>";
		};
		8AA841D122664268009C5948 /* Custom Classes */ = {
			isa = PBXGroup;
			children = (
				8A662214226AA4190072B3A4 /* Extensions */,
				8A584774226AB461008E9DE8 /* KBJunk */,
				8A3243C422A1AA270042E6D9 /* KBBarcodePreviewItem.swift */,
			);
			path = "Custom Classes";
			sourceTree = "<group>";
		};
		8ACB65C821063E6F004B9C5A = {
			isa = PBXGroup;
			children = (
				8ACB65D321063E6F004B9C5A /* macOS Utilities */,
				8A58477E226AD8E7008E9DE8 /* macOS UtilitiesTests */,
				8ACB65D221063E6F004B9C5A /* Products */,
				6779170F6C88D1AB54209B25 /* Pods */,
				1FAA8275C03D6F1149C6C2C2 /* Frameworks */,
			);
			sourceTree = "<group>";
		};
		8ACB65D221063E6F004B9C5A /* Products */ = {
			isa = PBXGroup;
			children = (
				8ACB65D121063E6F004B9C5A /* macOS Utilities.app */,
			);
			name = Products;
			sourceTree = "<group>";
		};
		8ACB65D321063E6F004B9C5A /* macOS Utilities */ = {
			isa = PBXGroup;
			children = (
				8AA841D122664268009C5948 /* Custom Classes */,
				8ACB65D421063E6F004B9C5A /* AppDelegate.swift */,
				8A0138C7221703BC00C77DA0 /* Compatibility */,
				8A0138C8221703CC00C77DA0 /* Helpers */,
				8A9370D22256D5E6002B3838 /* Repository */,
				8A0138D32217623200C77DA0 /* Storyboards */,
				8A0138D2221757B200C77DA0 /* Utility */,
				8A0138D42217623700C77DA0 /* View Controllers */,
				8A9D9AA822632A2900E4D36F /* Resources */,
			);
			path = "macOS Utilities";
			sourceTree = "<group>";
		};
		8AD01EE522A16EAA00C722B6 /* SystemProfiler */ = {
			isa = PBXGroup;
			children = (
				8AD01F0022A16F1600C722B6 /* Parsing */,
			);
			path = SystemProfiler;
			sourceTree = "<group>";
		};
		8AD01EEA22A16F0100C722B6 /* Item Types */ = {
			isa = PBXGroup;
			children = (
				8AD01EEB22A16F0100C722B6 /* Full */,
				8AD01EF922A16F0100C722B6 /* Condensed */,
			);
			path = "Item Types";
			sourceTree = "<group>";
		};
		8AD01EEB22A16F0100C722B6 /* Full */ = {
			isa = PBXGroup;
			children = (
				8AD01F1A22A173AF00C722B6 /* Power Items */,
				8AD01EEE22A16F0100C722B6 /* HardwareItem.swift */,
				8AD01EEF22A16F0100C722B6 /* AudioItem.swift */,
				8AD01EF022A16F0100C722B6 /* MemoryItem.swift */,
				8AD01EF122A16F0100C722B6 /* DisplayItem.swift */,
				8AD01EF222A16F0100C722B6 /* Storage Items */,
				8AD01EF622A16F0100C722B6 /* Protocols */,
			);
			path = Full;
			sourceTree = "<group>";
		};
		8AD01EF222A16F0100C722B6 /* Storage Items */ = {
			isa = PBXGroup;
			children = (
				8AD01EF322A16F0100C722B6 /* SerialATAItem.swift */,
				8AD01EF422A16F0100C722B6 /* NVMeItem.swift */,
				8AD01EF522A16F0100C722B6 /* DiscBurningItem.swift */,
			);
			path = "Storage Items";
			sourceTree = "<group>";
		};
		8AD01EF622A16F0100C722B6 /* Protocols */ = {
			isa = PBXGroup;
			children = (
				8AD01F1822A1735900C722B6 /* NestedItemType.swift */,
				8AD01EF722A16F0100C722B6 /* ItemType.swift */,
				8AD01EF822A16F0100C722B6 /* StorageItem.swift */,
			);
			path = Protocols;
			sourceTree = "<group>";
		};
		8AD01EF922A16F0100C722B6 /* Condensed */ = {
			isa = PBXGroup;
			children = (
				8AD01EFA22A16F0100C722B6 /* CondensedSystemProfilerData.swift */,
				8AD01EFB22A16F0100C722B6 /* CondensedStorageItem.swift */,
				8AD01EFC22A16F0100C722B6 /* CondensedDisplayInfo.swift */,
				8AD01EFD22A16F0100C722B6 /* CondensedBatteryHealth.swift */,
			);
			path = Condensed;
			sourceTree = "<group>";
		};
		8AD01F0022A16F1600C722B6 /* Parsing */ = {
			isa = PBXGroup;
			children = (
				8AD01F1B22A173E100C722B6 /* SystemProfilerItem.swift */,
				8AD01F0122A16F3A00C722B6 /* SystemProfiler.swift */,
				8AD01EEA22A16F0100C722B6 /* Item Types */,
				8AD01F1D22A173E400C722B6 /* Apple API */,
			);
			path = Parsing;
			sourceTree = "<group>";
		};
		8AD01F1A22A173AF00C722B6 /* Power Items */ = {
			isa = PBXGroup;
			children = (
				8AD01EEC22A16F0100C722B6 /* PowerItem.swift */,
				8AD01EED22A16F0100C722B6 /* BatteryItem.swift */,
			);
			path = "Power Items";
			sourceTree = "<group>";
		};
		8AD01F1D22A173E400C722B6 /* Apple API */ = {
			isa = PBXGroup;
			children = (
				8AD01EE822A16EFF00C722B6 /* Root.swift */,
			);
			path = "Apple API";
			sourceTree = "<group>";
		};
/* End PBXGroup section */

/* Begin PBXNativeTarget section */
		8ACB65D021063E6F004B9C5A /* macOS Utilities */ = {
			isa = PBXNativeTarget;
			buildConfigurationList = 8ACB65E121063E6F004B9C5A /* Build configuration list for PBXNativeTarget "macOS Utilities" */;
			buildPhases = (
				D6B004D59B8D6F5F589502D9 /* [CP] Check Pods Manifest.lock */,
				8ACB65CD21063E6F004B9C5A /* Sources */,
				8ACB65CE21063E6F004B9C5A /* Frameworks */,
				8ACB65CF21063E6F004B9C5A /* Resources */,
				07E9E86598DEC0B8EC3E57C3 /* [CP] Embed Pods Frameworks */,
			);
			buildRules = (
			);
			dependencies = (
			);
			name = "macOS Utilities";
			productName = "macOS Utilities";
			productReference = 8ACB65D121063E6F004B9C5A /* macOS Utilities.app */;
			productType = "com.apple.product-type.application";
		};
/* End PBXNativeTarget section */

/* Begin PBXProject section */
		8ACB65C921063E6F004B9C5A /* Project object */ = {
			isa = PBXProject;
			attributes = {
				LastSwiftUpdateCheck = 1020;
				LastUpgradeCheck = 1010;
				ORGANIZATIONNAME = "Keaton Burleson";
				TargetAttributes = {
					8ACB65D021063E6F004B9C5A = {
						CreatedOnToolsVersion = 9.2;
						LastSwiftMigration = 1020;
						ProvisioningStyle = Automatic;
						SystemCapabilities = {
							com.apple.Sandbox = {
								enabled = 0;
							};
						};
					};
				};
			};
			buildConfigurationList = 8ACB65CC21063E6F004B9C5A /* Build configuration list for PBXProject "macOS Utilities" */;
			compatibilityVersion = "Xcode 8.0";
			developmentRegion = en;
			hasScannedForEncodings = 0;
			knownRegions = (
				en,
				Base,
			);
			mainGroup = 8ACB65C821063E6F004B9C5A;
			productRefGroup = 8ACB65D221063E6F004B9C5A /* Products */;
			projectDirPath = "";
			projectRoot = "";
			targets = (
				8ACB65D021063E6F004B9C5A /* macOS Utilities */,
			);
		};
/* End PBXProject section */

/* Begin PBXResourcesBuildPhase section */
		8ACB65CF21063E6F004B9C5A /* Resources */ = {
			isa = PBXResourcesBuildPhase;
			buildActionMask = 2147483647;
			files = (
				8ACB65D921063E6F004B9C5A /* Assets.xcassets in Resources */,
				8A47DEDB210A3418003F5CC3 /* NSCollectionAppCell.xib in Resources */,
				8A9D9AAE2263370800E4D36F /* KBTextFieldDialog-large.xib in Resources */,
				8A39D3602119E81B00437F4E /* com.er2.applications.plist in Resources */,
				8A9D9A982262FB5F00E4D36F /* IPAddressChooserDialog.xib in Resources */,
				8A9D9A9A226307CD00E4D36F /* KBTextFieldDialog-small.xib in Resources */,
				8A9D9AAC22632B4700E4D36F /* config-file-icon.icns in Resources */,
				8ACB65DC21063E6F004B9C5A /* Main.storyboard in Resources */,
			);
			runOnlyForDeploymentPostprocessing = 0;
		};
/* End PBXResourcesBuildPhase section */

/* Begin PBXShellScriptBuildPhase section */
		07E9E86598DEC0B8EC3E57C3 /* [CP] Embed Pods Frameworks */ = {
			isa = PBXShellScriptBuildPhase;
			buildActionMask = 2147483647;
			files = (
			);
			inputPaths = (
				"${PODS_ROOT}/Target Support Files/Pods-macOS Utilities/Pods-macOS Utilities-frameworks.sh",
				"${BUILT_PRODUCTS_DIR}/Alamofire/Alamofire.framework",
				"${BUILT_PRODUCTS_DIR}/Alamofire-SwiftyJSON/Alamofire_SwiftyJSON.framework",
				"${BUILT_PRODUCTS_DIR}/AppFolder/AppFolder.framework",
				"${BUILT_PRODUCTS_DIR}/BMExtendablePageController/BMExtendablePageController.framework",
				"${BUILT_PRODUCTS_DIR}/CAAnimationBlocks/CAAnimationBlocks.framework",
				"${BUILT_PRODUCTS_DIR}/CocoaAsyncSocket/CocoaAsyncSocket.framework",
				"${BUILT_PRODUCTS_DIR}/CocoaLumberjack/CocoaLumberjack.framework",
				"${BUILT_PRODUCTS_DIR}/PaperTrailLumberjack/PaperTrailLumberjack.framework",
				"${BUILT_PRODUCTS_DIR}/STPrivilegedTask/STPrivilegedTask.framework",
				"${BUILT_PRODUCTS_DIR}/SwiftyJSON/SwiftyJSON.framework",
				"${BUILT_PRODUCTS_DIR}/XMLParsing/XMLParsing.framework",
			);
			name = "[CP] Embed Pods Frameworks";
			outputPaths = (
				"${TARGET_BUILD_DIR}/${FRAMEWORKS_FOLDER_PATH}/Alamofire.framework",
				"${TARGET_BUILD_DIR}/${FRAMEWORKS_FOLDER_PATH}/Alamofire_SwiftyJSON.framework",
				"${TARGET_BUILD_DIR}/${FRAMEWORKS_FOLDER_PATH}/AppFolder.framework",
				"${TARGET_BUILD_DIR}/${FRAMEWORKS_FOLDER_PATH}/BMExtendablePageController.framework",
				"${TARGET_BUILD_DIR}/${FRAMEWORKS_FOLDER_PATH}/CAAnimationBlocks.framework",
				"${TARGET_BUILD_DIR}/${FRAMEWORKS_FOLDER_PATH}/CocoaAsyncSocket.framework",
				"${TARGET_BUILD_DIR}/${FRAMEWORKS_FOLDER_PATH}/CocoaLumberjack.framework",
				"${TARGET_BUILD_DIR}/${FRAMEWORKS_FOLDER_PATH}/PaperTrailLumberjack.framework",
				"${TARGET_BUILD_DIR}/${FRAMEWORKS_FOLDER_PATH}/STPrivilegedTask.framework",
				"${TARGET_BUILD_DIR}/${FRAMEWORKS_FOLDER_PATH}/SwiftyJSON.framework",
				"${TARGET_BUILD_DIR}/${FRAMEWORKS_FOLDER_PATH}/XMLParsing.framework",
			);
			runOnlyForDeploymentPostprocessing = 0;
			shellPath = /bin/sh;
			shellScript = "\"${PODS_ROOT}/Target Support Files/Pods-macOS Utilities/Pods-macOS Utilities-frameworks.sh\"\n";
			showEnvVarsInLog = 0;
		};
		D6B004D59B8D6F5F589502D9 /* [CP] Check Pods Manifest.lock */ = {
			isa = PBXShellScriptBuildPhase;
			buildActionMask = 2147483647;
			files = (
			);
			inputPaths = (
				"${PODS_PODFILE_DIR_PATH}/Podfile.lock",
				"${PODS_ROOT}/Manifest.lock",
			);
			name = "[CP] Check Pods Manifest.lock";
			outputPaths = (
				"$(DERIVED_FILE_DIR)/Pods-macOS Utilities-checkManifestLockResult.txt",
			);
			runOnlyForDeploymentPostprocessing = 0;
			shellPath = /bin/sh;
			shellScript = "diff \"${PODS_PODFILE_DIR_PATH}/Podfile.lock\" \"${PODS_ROOT}/Manifest.lock\" > /dev/null\nif [ $? != 0 ] ; then\n    # print error to STDERR\n    echo \"error: The sandbox is not in sync with the Podfile.lock. Run 'pod install' or update your CocoaPods installation.\" >&2\n    exit 1\nfi\n# This output is used by Xcode 'outputs' to avoid re-running this script phase.\necho \"SUCCESS\" > \"${SCRIPT_OUTPUT_FILE_0}\"\n";
			showEnvVarsInLog = 0;
		};
/* End PBXShellScriptBuildPhase section */

/* Begin PBXSourcesBuildPhase section */
		8ACB65CD21063E6F004B9C5A /* Sources */ = {
			isa = PBXSourcesBuildPhase;
			buildActionMask = 2147483647;
			files = (
				8A6F8D8A2263D35B00077172 /* Partition.swift in Sources */,
				8A9D9A962262F24A00E4D36F /* IPAddressChooserDialog.swift in Sources */,
				8AD01F1122A16F5B00C722B6 /* ItemType.swift in Sources */,
				8AD01F0D22A16F5600C722B6 /* HardwareItem.swift in Sources */,
				8AFE1B7B228620520084D92E /* CoreStorageListOutput.swift in Sources */,
				8A9370CF2256B7F4002B3838 /* Disk.swift in Sources */,
				8AA841D02265A509009C5948 /* Units.swift in Sources */,
				8ABAE3132252C1D800E537D3 /* TaskHandler.swift in Sources */,
				8A57BF432262A1AF00719E74 /* LoggerManager.swift in Sources */,
				8A175AAC225EFEE50018C977 /* ErrorAlertLogger.swift in Sources */,
				8A9D9A9C2263084600E4D36F /* KBTextFieldDialog.swift in Sources */,
				8AD01F1022A16F5600C722B6 /* DisplayItem.swift in Sources */,
				8AD01F1C22A173E100C722B6 /* SystemProfilerItem.swift in Sources */,
				8A584771226AAF67008E9DE8 /* Foundation-Extensions.swift in Sources */,
				8A87B8B521A47D8C004496AA /* ModelYearDetermination.swift in Sources */,
				8AFE1B792286079C0084D92E /* CoreStorage.swift in Sources */,
				8A6C6479225EA1EA00CD6DCF /* PreferenceLoader.swift in Sources */,
				8AA841CC22659260009C5948 /* DiskImage.swift in Sources */,
				8AD01F1322A16F5F00C722B6 /* SerialATAItem.swift in Sources */,
				8A0138D1221749BD00C77DA0 /* Version.swift in Sources */,
				8AD01F0222A16F3A00C722B6 /* SystemProfiler.swift in Sources */,
				8A3243C722A1B2510042E6D9 /* BarcodeGenerator.swift in Sources */,
				8A6C6472225EA05300CD6DCF /* Preferences.swift in Sources */,
				8AD01F1922A1735A00C722B6 /* NestedItemType.swift in Sources */,
				8A9370D62256D604002B3838 /* RepositoryItem.swift in Sources */,
				8A9C0CCD226AA1580032FC20 /* FileSystemItem.swift in Sources */,
				8AD01F1522A16F5F00C722B6 /* DiscBurningItem.swift in Sources */,
				8A662216226AA42B0072B3A4 /* AppKit-Extensions.swift in Sources */,
				8A6C6477225EA19200CD6DCF /* InstallerServerPreferences.swift in Sources */,
				8A6C6459225D324900CD6DCF /* PageController.swift in Sources */,
				8AD01F2122A1741B00C722B6 /* CondensedBatteryHealth.swift in Sources */,
				8AD01F0C22A16F5600C722B6 /* BatteryItem.swift in Sources */,
				8A6C6475225EA0CE00CD6DCF /* LoggingPreferences.swift in Sources */,
				8AD01F1E22A1741B00C722B6 /* CondensedSystemProfilerData.swift in Sources */,
				8AFE1B772285F8BC0084D92E /* DiskInfo.swift in Sources */,
				8A3243C522A1AA270042E6D9 /* KBBarcodePreviewItem.swift in Sources */,
				8A6C6470225E9FA100CD6DCF /* PreferencesViewController.swift in Sources */,
				8A6F28F0221B9F5C00FF9DB3 /* InstallerViewController.swift in Sources */,
				8AD01F2022A1741B00C722B6 /* CondensedDisplayInfo.swift in Sources */,
				8AD01F0B22A16F5600C722B6 /* PowerItem.swift in Sources */,
				8ABAE31D2252DA5800E537D3 /* Installer.swift in Sources */,
				8AFCCD8822654E4B0026CFE6 /* DiskUtilityOutput.swift in Sources */,
				8A9370D12256BB5A002B3838 /* Share.swift in Sources */,
				8AD01EFF22A16F0100C722B6 /* Root.swift in Sources */,
				8A6C6460225DB39500CD6DCF /* DeviceInformationViewController.swift in Sources */,
				8AD01F1722A1700900C722B6 /* XMLParsing+Alamofire.swift in Sources */,
				8A3243C322A193E70042E6D9 /* NSTextField+Autosizing.swift in Sources */,
				8A6C645C225D4E9900CD6DCF /* InstallerCellView.swift in Sources */,
				8A9370D42256D5F6002B3838 /* ItemRepository.swift in Sources */,
				8A175AAE225F2BE70018C977 /* PreferencesApplicationsViewController.swift in Sources */,
				8AD01F1222A16F5B00C722B6 /* StorageItem.swift in Sources */,
				8A2B05F32266888A0089F3A3 /* MenuHandler.swift in Sources */,
				8A0138D62217624700C77DA0 /* InfoPopoverViewController.swift in Sources */,
				8ABAE3112252A46300E537D3 /* DiskSelectionViewController.swift in Sources */,
				8AD01F1422A16F5F00C722B6 /* NVMeItem.swift in Sources */,
				8AD01F0E22A16F5600C722B6 /* AudioItem.swift in Sources */,
				8AD01F0422A16F4500C722B6 /* SerialNumberMatcher.swift in Sources */,
				8A8B59A5224E9FD100CD4094 /* Application.swift in Sources */,
				8ACB65D721063E6F004B9C5A /* ApplicationViewController.swift in Sources */,
				8A584773226AB351008E9DE8 /* KBTableView.swift in Sources */,
				8AD01F1F22A1741B00C722B6 /* CondensedStorageItem.swift in Sources */,
				8A47DED9210A2D30003F5CC3 /* NSCollectionAppCell.swift in Sources */,
				8A584776226ABDA5008E9DE8 /* CocoaLumberjack-Extensions.swift in Sources */,
				8A87B8B721A47DD8004496AA /* CwlSysctl.swift in Sources */,
				8A6C646E225DD2CA00CD6DCF /* WizardViewController.swift in Sources */,
				8A9370CD2256B53C002B3838 /* DiskUtility.swift in Sources */,
				8AA841D322664276009C5948 /* PaddedTextField.swift in Sources */,
				8ACB65D521063E6F004B9C5A /* AppDelegate.swift in Sources */,
				8AD01F2322A187D300C722B6 /* CheckCoverageViewController.swift in Sources */,
				8AA841CE226593A1009C5948 /* HDIUtilOutput.swift in Sources */,
				8A57BF402262A0C200719E74 /* LegacyPreferences.swift in Sources */,
				8A584778226AC446008E9DE8 /* Utility.swift in Sources */,
				8AD01F0F22A16F5600C722B6 /* MemoryItem.swift in Sources */,
			);
			runOnlyForDeploymentPostprocessing = 0;
		};
/* End PBXSourcesBuildPhase section */

/* Begin PBXVariantGroup section */
		8ACB65DA21063E6F004B9C5A /* Main.storyboard */ = {
			isa = PBXVariantGroup;
			children = (
				8ACB65DB21063E6F004B9C5A /* Base */,
			);
			name = Main.storyboard;
			sourceTree = "<group>";
		};
/* End PBXVariantGroup section */

/* Begin XCBuildConfiguration section */
		8ACB65DF21063E6F004B9C5A /* Debug */ = {
			isa = XCBuildConfiguration;
			buildSettings = {
				ALWAYS_SEARCH_USER_PATHS = NO;
				CLANG_ANALYZER_NONNULL = YES;
				CLANG_ANALYZER_NUMBER_OBJECT_CONVERSION = YES_AGGRESSIVE;
				CLANG_CXX_LANGUAGE_STANDARD = "gnu++14";
				CLANG_CXX_LIBRARY = "libc++";
				CLANG_ENABLE_MODULES = YES;
				CLANG_ENABLE_OBJC_ARC = YES;
				CLANG_WARN_BLOCK_CAPTURE_AUTORELEASING = YES;
				CLANG_WARN_BOOL_CONVERSION = YES;
				CLANG_WARN_COMMA = YES;
				CLANG_WARN_CONSTANT_CONVERSION = YES;
				CLANG_WARN_DEPRECATED_OBJC_IMPLEMENTATIONS = YES;
				CLANG_WARN_DIRECT_OBJC_ISA_USAGE = YES_ERROR;
				CLANG_WARN_DOCUMENTATION_COMMENTS = YES;
				CLANG_WARN_EMPTY_BODY = YES;
				CLANG_WARN_ENUM_CONVERSION = YES;
				CLANG_WARN_INFINITE_RECURSION = YES;
				CLANG_WARN_INT_CONVERSION = YES;
				CLANG_WARN_NON_LITERAL_NULL_CONVERSION = YES;
				CLANG_WARN_OBJC_IMPLICIT_RETAIN_SELF = YES;
				CLANG_WARN_OBJC_LITERAL_CONVERSION = YES;
				CLANG_WARN_OBJC_ROOT_CLASS = YES_ERROR;
				CLANG_WARN_RANGE_LOOP_ANALYSIS = YES;
				CLANG_WARN_STRICT_PROTOTYPES = YES;
				CLANG_WARN_SUSPICIOUS_MOVE = YES;
				CLANG_WARN_UNGUARDED_AVAILABILITY = YES_AGGRESSIVE;
				CLANG_WARN_UNREACHABLE_CODE = YES;
				CLANG_WARN__DUPLICATE_METHOD_MATCH = YES;
				CODE_SIGN_IDENTITY = "Mac Developer";
				COPY_PHASE_STRIP = NO;
				DEBUG_INFORMATION_FORMAT = dwarf;
				ENABLE_STRICT_OBJC_MSGSEND = YES;
				ENABLE_TESTABILITY = YES;
				GCC_C_LANGUAGE_STANDARD = gnu11;
				GCC_DYNAMIC_NO_PIC = NO;
				GCC_NO_COMMON_BLOCKS = YES;
				GCC_OPTIMIZATION_LEVEL = 0;
				GCC_PREPROCESSOR_DEFINITIONS = (
					"DEBUG=1",
					"$(inherited)",
				);
				GCC_WARN_64_TO_32_BIT_CONVERSION = YES;
				GCC_WARN_ABOUT_RETURN_TYPE = YES_ERROR;
				GCC_WARN_UNDECLARED_SELECTOR = YES;
				GCC_WARN_UNINITIALIZED_AUTOS = YES_AGGRESSIVE;
				GCC_WARN_UNUSED_FUNCTION = YES;
				GCC_WARN_UNUSED_VARIABLE = YES;
				MACOSX_DEPLOYMENT_TARGET = 10.12;
				MTL_ENABLE_DEBUG_INFO = YES;
				ONLY_ACTIVE_ARCH = YES;
				SDKROOT = macosx;
				SWIFT_ACTIVE_COMPILATION_CONDITIONS = DEBUG;
				SWIFT_OPTIMIZATION_LEVEL = "-Onone";
			};
			name = Debug;
		};
		8ACB65E021063E6F004B9C5A /* Release */ = {
			isa = XCBuildConfiguration;
			buildSettings = {
				ALWAYS_SEARCH_USER_PATHS = NO;
				CLANG_ANALYZER_NONNULL = YES;
				CLANG_ANALYZER_NUMBER_OBJECT_CONVERSION = YES_AGGRESSIVE;
				CLANG_CXX_LANGUAGE_STANDARD = "gnu++14";
				CLANG_CXX_LIBRARY = "libc++";
				CLANG_ENABLE_MODULES = YES;
				CLANG_ENABLE_OBJC_ARC = YES;
				CLANG_WARN_BLOCK_CAPTURE_AUTORELEASING = YES;
				CLANG_WARN_BOOL_CONVERSION = YES;
				CLANG_WARN_COMMA = YES;
				CLANG_WARN_CONSTANT_CONVERSION = YES;
				CLANG_WARN_DEPRECATED_OBJC_IMPLEMENTATIONS = YES;
				CLANG_WARN_DIRECT_OBJC_ISA_USAGE = YES_ERROR;
				CLANG_WARN_DOCUMENTATION_COMMENTS = YES;
				CLANG_WARN_EMPTY_BODY = YES;
				CLANG_WARN_ENUM_CONVERSION = YES;
				CLANG_WARN_INFINITE_RECURSION = YES;
				CLANG_WARN_INT_CONVERSION = YES;
				CLANG_WARN_NON_LITERAL_NULL_CONVERSION = YES;
				CLANG_WARN_OBJC_IMPLICIT_RETAIN_SELF = YES;
				CLANG_WARN_OBJC_LITERAL_CONVERSION = YES;
				CLANG_WARN_OBJC_ROOT_CLASS = YES_ERROR;
				CLANG_WARN_RANGE_LOOP_ANALYSIS = YES;
				CLANG_WARN_STRICT_PROTOTYPES = YES;
				CLANG_WARN_SUSPICIOUS_MOVE = YES;
				CLANG_WARN_UNGUARDED_AVAILABILITY = YES_AGGRESSIVE;
				CLANG_WARN_UNREACHABLE_CODE = YES;
				CLANG_WARN__DUPLICATE_METHOD_MATCH = YES;
				CODE_SIGN_IDENTITY = "Mac Developer";
				COPY_PHASE_STRIP = NO;
				DEBUG_INFORMATION_FORMAT = "dwarf-with-dsym";
				ENABLE_NS_ASSERTIONS = NO;
				ENABLE_STRICT_OBJC_MSGSEND = YES;
				GCC_C_LANGUAGE_STANDARD = gnu11;
				GCC_NO_COMMON_BLOCKS = YES;
				GCC_WARN_64_TO_32_BIT_CONVERSION = YES;
				GCC_WARN_ABOUT_RETURN_TYPE = YES_ERROR;
				GCC_WARN_UNDECLARED_SELECTOR = YES;
				GCC_WARN_UNINITIALIZED_AUTOS = YES_AGGRESSIVE;
				GCC_WARN_UNUSED_FUNCTION = YES;
				GCC_WARN_UNUSED_VARIABLE = YES;
				MACOSX_DEPLOYMENT_TARGET = 10.12;
				MTL_ENABLE_DEBUG_INFO = NO;
				SDKROOT = macosx;
				SWIFT_OPTIMIZATION_LEVEL = "-Owholemodule";
			};
			name = Release;
		};
		8ACB65E221063E6F004B9C5A /* Debug */ = {
			isa = XCBuildConfiguration;
			baseConfigurationReference = D04B207FCA2163F7FF4B0B6B /* Pods-macOS Utilities.debug.xcconfig */;
			buildSettings = {
				ASSETCATALOG_COMPILER_APPICON_NAME = AppIcon;
				CODE_SIGN_IDENTITY = "Mac Developer";
				CODE_SIGN_STYLE = Automatic;
				COMBINE_HIDPI_IMAGES = YES;
				DEVELOPMENT_TEAM = JMQ9Y3A8K6;
				INFOPLIST_FILE = "macOS Utilities/Info.plist";
				LD_RUNPATH_SEARCH_PATHS = "$(inherited) @executable_path/../Frameworks";
				MACOSX_DEPLOYMENT_TARGET = 10.12.2;
				OTHER_SWIFT_FLAGS = "$(inherited) \"-D\" \"COCOAPODS\" -DDEBUG";
				PRODUCT_BUNDLE_IDENTIFIER = "com.keatonburleson.macOS-Utilities";
				PRODUCT_NAME = "$(TARGET_NAME)";
				PROVISIONING_PROFILE_SPECIFIER = "";
				SWIFT_OBJC_BRIDGING_HEADER = "$(SRCROOT)/macOS Utilities/macOS-Utilities-Bridging-Header.h";
				SWIFT_VERSION = 5.0;
			};
			name = Debug;
		};
		8ACB65E321063E6F004B9C5A /* Release */ = {
			isa = XCBuildConfiguration;
			baseConfigurationReference = D8A022574234BFBF730A7F5C /* Pods-macOS Utilities.release.xcconfig */;
			buildSettings = {
				ASSETCATALOG_COMPILER_APPICON_NAME = AppIcon;
				CODE_SIGN_IDENTITY = "Mac Developer";
				CODE_SIGN_STYLE = Automatic;
				COMBINE_HIDPI_IMAGES = YES;
				DEVELOPMENT_TEAM = JMQ9Y3A8K6;
				INFOPLIST_FILE = "macOS Utilities/Info.plist";
				LD_RUNPATH_SEARCH_PATHS = "$(inherited) @executable_path/../Frameworks";
				MACOSX_DEPLOYMENT_TARGET = 10.12.2;
				OTHER_SWIFT_FLAGS = "$(inherited) \"-D\" \"COCOAPODS\" -DRELEASE";
				PRODUCT_BUNDLE_IDENTIFIER = "com.keatonburleson.macOS-Utilities";
				PRODUCT_NAME = "$(TARGET_NAME)";
				PROVISIONING_PROFILE_SPECIFIER = "";
				SWIFT_OBJC_BRIDGING_HEADER = "$(SRCROOT)/macOS Utilities/macOS-Utilities-Bridging-Header.h";
				SWIFT_VERSION = 5.0;
			};
			name = Release;
		};
/* End XCBuildConfiguration section */

/* Begin XCConfigurationList section */
		8ACB65CC21063E6F004B9C5A /* Build configuration list for PBXProject "macOS Utilities" */ = {
			isa = XCConfigurationList;
			buildConfigurations = (
				8ACB65DF21063E6F004B9C5A /* Debug */,
				8ACB65E021063E6F004B9C5A /* Release */,
			);
			defaultConfigurationIsVisible = 0;
			defaultConfigurationName = Release;
		};
		8ACB65E121063E6F004B9C5A /* Build configuration list for PBXNativeTarget "macOS Utilities" */ = {
			isa = XCConfigurationList;
			buildConfigurations = (
				8ACB65E221063E6F004B9C5A /* Debug */,
				8ACB65E321063E6F004B9C5A /* Release */,
			);
			defaultConfigurationIsVisible = 0;
			defaultConfigurationName = Release;
		};
/* End XCConfigurationList section */
	};
	rootObject = 8ACB65C921063E6F004B9C5A /* Project object */;
}
